{
  "lockfileVersion": 1,
  "workspaces": {
    "": {
      "dependencies": {
        "dotenv": "^17.2.1",
        "keygram": "^0.2.10",
      },
    },
  },
  "packages": {
    "dotenv": ["dotenv@17.2.1", "", {}, "sha512-kQhDYKZecqnM0fCnzI5eIv5L4cAe/iRI+HqMbO/hbRdTAeXDG+M9FjipUxNfbARuEg4iHIbhnhs78BCHNbSxEQ=="],

    "keygram": ["keygram@0.2.10", "", {}, "sha512-ZGMl9z2z22qrVCUpVSQQ2/MOwb1oAZ/yk4KkvKCVl3j+NhTaXu10R3hhZt0qHVukKl5ky2heHpJnrR/esa0vEw=="],
  }
}
